
Microsoft Visual Studio Solution File, Format Version 12.00
# Visual Studio Version 16
VisualStudioVersion = 16.0.29613.14
MinimumVisualStudioVersion = 10.0.40219.1
Project("{FAE04EC0-301F-11D3-BF4B-00C04F79EFBC}") = "ProjetS3", "ProjetS3\ProjetS3.csproj", "{C53E42F6-3B4F-4DF9-A92A-8A41CC4A3124}"
EndProject
Project("{FAE04EC0-301F-11D3-BF4B-00C04F79EFBC}") = "IDeviceLib", "IDeviceLib\IDeviceLib.csproj", "{B12AD0E6-3A04-4B2A-BC92-888C162C18F5}"
EndProject
Project("{FAE04EC0-301F-11D3-BF4B-00C04F79EFBC}") = "TestDevices", "TestDevices\TestDevices.csproj", "{DD9A7454-88CE-4492-B1B6-E4089D2D0CD8}"
EndProject
Global
	GlobalSection(SolutionConfigurationPlatforms) = preSolution
		Debug|Any CPU = Debug|Any CPU
		Release|Any CPU = Release|Any CPU
	EndGlobalSection
	GlobalSection(ProjectConfigurationPlatforms) = postSolution
		{C53E42F6-3B4F-4DF9-A92A-8A41CC4A3124}.Debug|Any CPU.ActiveCfg = Debug|Any CPU
		{C53E42F6-3B4F-4DF9-A92A-8A41CC4A3124}.Debug|Any CPU.Build.0 = Debug|Any CPU
		{C53E42F6-3B4F-4DF9-A92A-8A41CC4A3124}.Release|Any CPU.ActiveCfg = Release|Any CPU
		{C53E42F6-3B4F-4DF9-A92A-8A41CC4A3124}.Release|Any CPU.Build.0 = Release|Any CPU
		{B12AD0E6-3A04-4B2A-BC92-888C162C18F5}.Debug|Any CPU.ActiveCfg = Debug|Any CPU
		{B12AD0E6-3A04-4B2A-BC92-888C162C18F5}.Debug|Any CPU.Build.0 = Debug|Any CPU
		{B12AD0E6-3A04-4B2A-BC92-888C162C18F5}.Release|Any CPU.ActiveCfg = Release|Any CPU
		{B12AD0E6-3A04-4B2A-BC92-888C162C18F5}.Release|Any CPU.Build.0 = Release|Any CPU
		{DD9A7454-88CE-4492-B1B6-E4089D2D0CD8}.Debug|Any CPU.ActiveCfg = Debug|Any CPU
		{DD9A7454-88CE-4492-B1B6-E4089D2D0CD8}.Debug|Any CPU.Build.0 = Debug|Any CPU
		{DD9A7454-88CE-4492-B1B6-E4089D2D0CD8}.Release|Any CPU.ActiveCfg = Release|Any CPU
		{DD9A7454-88CE-4492-B1B6-E4089D2D0CD8}.Release|Any CPU.Build.0 = Release|Any CPU
	EndGlobalSection
	GlobalSection(SolutionProperties) = preSolution
		HideSolutionNode = FALSE
	EndGlobalSection
	GlobalSection(ExtensibilityGlobals) = postSolution
		SolutionGuid = {1B60B4E1-02CD-49F7-9C27-6AA9E6F46ACE}
	EndGlobalSection
EndGlobal
