
Microsoft Visual Studio Solution File, Format Version 12.00
# Visual Studio Version 16
VisualStudioVersion = 16.0.29613.14
MinimumVisualStudioVersion = 10.0.40219.1
Project("{FAE04EC0-301F-11D3-BF4B-00C04F79EFBC}") = "ProjetS3", "ProjetS3\ProjetS3.csproj", "{C53E42F6-3B4F-4DF9-A92A-8A41CC4A3124}"
EndProject
Global
	GlobalSection(SolutionConfigurationPlatforms) = preSolution
		Debug|Any CPU = Debug|Any CPU
		Release|Any CPU = Release|Any CPU
	EndGlobalSection
	GlobalSection(ProjectConfigurationPlatforms) = postSolution
		{C53E42F6-3B4F-4DF9-A92A-8A41CC4A3124}.Debug|Any CPU.ActiveCfg = Debug|Any CPU
		{C53E42F6-3B4F-4DF9-A92A-8A41CC4A3124}.Debug|Any CPU.Build.0 = Debug|Any CPU
		{C53E42F6-3B4F-4DF9-A92A-8A41CC4A3124}.Release|Any CPU.ActiveCfg = Release|Any CPU
		{C53E42F6-3B4F-4DF9-A92A-8A41CC4A3124}.Release|Any CPU.Build.0 = Release|Any CPU
	EndGlobalSection
	GlobalSection(SolutionProperties) = preSolution
		HideSolutionNode = FALSE
	EndGlobalSection
	GlobalSection(ExtensibilityGlobals) = postSolution
		SolutionGuid = {1B60B4E1-02CD-49F7-9C27-6AA9E6F46ACE}
	EndGlobalSection
EndGlobal
